
Microsoft Visual Studio Solution File, Format Version 12.00
# Visual Studio Version 17
VisualStudioVersion = 17.2.32616.157
MinimumVisualStudioVersion = 10.0.40219.1
Project("{FAE04EC0-301F-11D3-BF4B-00C04F79EFBC}") = "LinkedListCore", "LinkedListCore\LinkedListCore.csproj", "{948D79AE-BC17-4F4B-86C5-95CC3736DB4B}"
EndProject
Project("{9A19103F-16F7-4668-BE54-9A1E7A4F7556}") = "GenericSinglyLinkedList", "..\SinglyLinkedList\GenericSinglyLinkedList\GenericSinglyLinkedList.csproj", "{FFF224FF-5780-4A94-B726-376E757759F4}"
EndProject
Global
	GlobalSection(SolutionConfigurationPlatforms) = preSolution
		Debug|Any CPU = Debug|Any CPU
		Release|Any CPU = Release|Any CPU
	EndGlobalSection
	GlobalSection(ProjectConfigurationPlatforms) = postSolution
		{948D79AE-BC17-4F4B-86C5-95CC3736DB4B}.Debug|Any CPU.ActiveCfg = Debug|Any CPU
		{948D79AE-BC17-4F4B-86C5-95CC3736DB4B}.Debug|Any CPU.Build.0 = Debug|Any CPU
		{948D79AE-BC17-4F4B-86C5-95CC3736DB4B}.Release|Any CPU.ActiveCfg = Release|Any CPU
		{948D79AE-BC17-4F4B-86C5-95CC3736DB4B}.Release|Any CPU.Build.0 = Release|Any CPU
		{FFF224FF-5780-4A94-B726-376E757759F4}.Debug|Any CPU.ActiveCfg = Debug|Any CPU
		{FFF224FF-5780-4A94-B726-376E757759F4}.Debug|Any CPU.Build.0 = Debug|Any CPU
		{FFF224FF-5780-4A94-B726-376E757759F4}.Release|Any CPU.ActiveCfg = Release|Any CPU
		{FFF224FF-5780-4A94-B726-376E757759F4}.Release|Any CPU.Build.0 = Release|Any CPU
	EndGlobalSection
	GlobalSection(SolutionProperties) = preSolution
		HideSolutionNode = FALSE
	EndGlobalSection
	GlobalSection(ExtensibilityGlobals) = postSolution
		SolutionGuid = {FB77BFC1-5FDB-4BBE-9289-D43AE156AF92}
	EndGlobalSection
EndGlobal
