
Microsoft Visual Studio Solution File, Format Version 12.00
# Visual Studio Version 17
VisualStudioVersion = 17.2.32616.157
MinimumVisualStudioVersion = 10.0.40219.1
Project("{9A19103F-16F7-4668-BE54-9A1E7A4F7556}") = "AS3_A", "AS3_A\AS3_A.csproj", "{571C5286-9503-447A-8D56-EAE19C1A1D2A}"
EndProject
Project("{9A19103F-16F7-4668-BE54-9A1E7A4F7556}") = "Dahuyag_Assessment_1", "Dahuyag_Assessment_1\Dahuyag_Assessment_1\Dahuyag_Assessment_1.csproj", "{F214F046-44A7-45F2-8FC0-4EDDF81E94C5}"
EndProject
Project("{9A19103F-16F7-4668-BE54-9A1E7A4F7556}") = "LinkedListCore", "LinkedListCore\LinkedListCore\LinkedListCore.csproj", "{1CE90604-7E86-4515-B2D6-9701D1E9255A}"
EndProject
Project("{9A19103F-16F7-4668-BE54-9A1E7A4F7556}") = "AS4_B", "AS4_B\AS4_B.csproj", "{9F991E42-6237-47F5-83AB-547048D1E585}"
EndProject
Project("{9A19103F-16F7-4668-BE54-9A1E7A4F7556}") = "AS4_A", "AS4_A\AS4_A.csproj", "{DE3122A8-2BB9-4454-A7B5-3C4A3D9D5AE3}"
EndProject
Global
	GlobalSection(SolutionConfigurationPlatforms) = preSolution
		Debug|Any CPU = Debug|Any CPU
		Release|Any CPU = Release|Any CPU
	EndGlobalSection
	GlobalSection(ProjectConfigurationPlatforms) = postSolution
		{571C5286-9503-447A-8D56-EAE19C1A1D2A}.Debug|Any CPU.ActiveCfg = Debug|Any CPU
		{571C5286-9503-447A-8D56-EAE19C1A1D2A}.Debug|Any CPU.Build.0 = Debug|Any CPU
		{571C5286-9503-447A-8D56-EAE19C1A1D2A}.Release|Any CPU.ActiveCfg = Release|Any CPU
		{571C5286-9503-447A-8D56-EAE19C1A1D2A}.Release|Any CPU.Build.0 = Release|Any CPU
		{F214F046-44A7-45F2-8FC0-4EDDF81E94C5}.Debug|Any CPU.ActiveCfg = Debug|Any CPU
		{F214F046-44A7-45F2-8FC0-4EDDF81E94C5}.Debug|Any CPU.Build.0 = Debug|Any CPU
		{F214F046-44A7-45F2-8FC0-4EDDF81E94C5}.Release|Any CPU.ActiveCfg = Release|Any CPU
		{F214F046-44A7-45F2-8FC0-4EDDF81E94C5}.Release|Any CPU.Build.0 = Release|Any CPU
		{1CE90604-7E86-4515-B2D6-9701D1E9255A}.Debug|Any CPU.ActiveCfg = Debug|Any CPU
		{1CE90604-7E86-4515-B2D6-9701D1E9255A}.Debug|Any CPU.Build.0 = Debug|Any CPU
		{1CE90604-7E86-4515-B2D6-9701D1E9255A}.Release|Any CPU.ActiveCfg = Release|Any CPU
		{1CE90604-7E86-4515-B2D6-9701D1E9255A}.Release|Any CPU.Build.0 = Release|Any CPU
		{9F991E42-6237-47F5-83AB-547048D1E585}.Debug|Any CPU.ActiveCfg = Debug|Any CPU
		{9F991E42-6237-47F5-83AB-547048D1E585}.Debug|Any CPU.Build.0 = Debug|Any CPU
		{9F991E42-6237-47F5-83AB-547048D1E585}.Release|Any CPU.ActiveCfg = Release|Any CPU
		{9F991E42-6237-47F5-83AB-547048D1E585}.Release|Any CPU.Build.0 = Release|Any CPU
		{DE3122A8-2BB9-4454-A7B5-3C4A3D9D5AE3}.Debug|Any CPU.ActiveCfg = Debug|Any CPU
		{DE3122A8-2BB9-4454-A7B5-3C4A3D9D5AE3}.Debug|Any CPU.Build.0 = Debug|Any CPU
		{DE3122A8-2BB9-4454-A7B5-3C4A3D9D5AE3}.Release|Any CPU.ActiveCfg = Release|Any CPU
		{DE3122A8-2BB9-4454-A7B5-3C4A3D9D5AE3}.Release|Any CPU.Build.0 = Release|Any CPU
	EndGlobalSection
	GlobalSection(SolutionProperties) = preSolution
		HideSolutionNode = FALSE
	EndGlobalSection
	GlobalSection(ExtensibilityGlobals) = postSolution
		SolutionGuid = {158A8841-5568-4D4E-AF3B-E9F21FC9B5B7}
	EndGlobalSection
EndGlobal
