
Microsoft Visual Studio Solution File, Format Version 12.00
# Visual Studio Version 17
VisualStudioVersion = 17.2.32616.157
MinimumVisualStudioVersion = 10.0.40219.1
Project("{9A19103F-16F7-4668-BE54-9A1E7A4F7556}") = "Dahuyag_Assessment_1", "Dahuyag_Assessment_1\Dahuyag_Assessment_1.csproj", "{ACF8122A-592C-4016-B074-3E0879A0705C}"
EndProject
Project("{9A19103F-16F7-4668-BE54-9A1E7A4F7556}") = "LinkedListCore", "..\LinkedListCore\LinkedListCore\LinkedListCore.csproj", "{5A570E74-9053-4296-92A0-0A63064659EA}"
EndProject
Global
	GlobalSection(SolutionConfigurationPlatforms) = preSolution
		Debug|Any CPU = Debug|Any CPU
		Release|Any CPU = Release|Any CPU
	EndGlobalSection
	GlobalSection(ProjectConfigurationPlatforms) = postSolution
		{ACF8122A-592C-4016-B074-3E0879A0705C}.Debug|Any CPU.ActiveCfg = Debug|Any CPU
		{ACF8122A-592C-4016-B074-3E0879A0705C}.Debug|Any CPU.Build.0 = Debug|Any CPU
		{ACF8122A-592C-4016-B074-3E0879A0705C}.Release|Any CPU.ActiveCfg = Release|Any CPU
		{ACF8122A-592C-4016-B074-3E0879A0705C}.Release|Any CPU.Build.0 = Release|Any CPU
		{5A570E74-9053-4296-92A0-0A63064659EA}.Debug|Any CPU.ActiveCfg = Debug|Any CPU
		{5A570E74-9053-4296-92A0-0A63064659EA}.Debug|Any CPU.Build.0 = Debug|Any CPU
		{5A570E74-9053-4296-92A0-0A63064659EA}.Release|Any CPU.ActiveCfg = Release|Any CPU
		{5A570E74-9053-4296-92A0-0A63064659EA}.Release|Any CPU.Build.0 = Release|Any CPU
	EndGlobalSection
	GlobalSection(SolutionProperties) = preSolution
		HideSolutionNode = FALSE
	EndGlobalSection
	GlobalSection(ExtensibilityGlobals) = postSolution
		SolutionGuid = {A6E8E25C-BCF6-49E3-9A03-8E227FF4965C}
	EndGlobalSection
EndGlobal
