
Microsoft Visual Studio Solution File, Format Version 12.00
# Visual Studio Version 17
VisualStudioVersion = 17.2.32616.157
MinimumVisualStudioVersion = 10.0.40219.1
Project("{9A19103F-16F7-4668-BE54-9A1E7A4F7556}") = "Dahuyag_Assessment_1", "Dahuyag_Assessment_1\Dahuyag_Assessment_1\Dahuyag_Assessment_1.csproj", "{14A7CCA6-EA01-49D7-8093-5637907E7C7C}"
EndProject
Project("{9A19103F-16F7-4668-BE54-9A1E7A4F7556}") = "LinkedListCore", "LinkedListCore\LinkedListCore\LinkedListCore.csproj", "{65BE0A3D-7AC6-45B4-8884-6FE934909B2D}"
EndProject
Project("{FAE04EC0-301F-11D3-BF4B-00C04F79EFBC}") = "GenericStack", "GenericStack\GenericStack.csproj", "{68813181-6379-40A6-9ECB-41DB0E6D8115}"
EndProject
Global
	GlobalSection(SolutionConfigurationPlatforms) = preSolution
		Debug|Any CPU = Debug|Any CPU
		Release|Any CPU = Release|Any CPU
	EndGlobalSection
	GlobalSection(ProjectConfigurationPlatforms) = postSolution
		{14A7CCA6-EA01-49D7-8093-5637907E7C7C}.Debug|Any CPU.ActiveCfg = Debug|Any CPU
		{14A7CCA6-EA01-49D7-8093-5637907E7C7C}.Debug|Any CPU.Build.0 = Debug|Any CPU
		{14A7CCA6-EA01-49D7-8093-5637907E7C7C}.Release|Any CPU.ActiveCfg = Release|Any CPU
		{14A7CCA6-EA01-49D7-8093-5637907E7C7C}.Release|Any CPU.Build.0 = Release|Any CPU
		{65BE0A3D-7AC6-45B4-8884-6FE934909B2D}.Debug|Any CPU.ActiveCfg = Debug|Any CPU
		{65BE0A3D-7AC6-45B4-8884-6FE934909B2D}.Debug|Any CPU.Build.0 = Debug|Any CPU
		{65BE0A3D-7AC6-45B4-8884-6FE934909B2D}.Release|Any CPU.ActiveCfg = Release|Any CPU
		{65BE0A3D-7AC6-45B4-8884-6FE934909B2D}.Release|Any CPU.Build.0 = Release|Any CPU
		{68813181-6379-40A6-9ECB-41DB0E6D8115}.Debug|Any CPU.ActiveCfg = Debug|Any CPU
		{68813181-6379-40A6-9ECB-41DB0E6D8115}.Debug|Any CPU.Build.0 = Debug|Any CPU
		{68813181-6379-40A6-9ECB-41DB0E6D8115}.Release|Any CPU.ActiveCfg = Release|Any CPU
		{68813181-6379-40A6-9ECB-41DB0E6D8115}.Release|Any CPU.Build.0 = Release|Any CPU
	EndGlobalSection
	GlobalSection(SolutionProperties) = preSolution
		HideSolutionNode = FALSE
	EndGlobalSection
	GlobalSection(ExtensibilityGlobals) = postSolution
		SolutionGuid = {018CED4C-365D-42F0-8263-AA893165A42A}
	EndGlobalSection
EndGlobal
